
Microsoft Visual Studio Solution File, Format Version 12.00
# Visual Studio Version 16
VisualStudioVersion = 16.0.28803.352
MinimumVisualStudioVersion = 10.0.40219.1
Project("{FAE04EC0-301F-11D3-BF4B-00C04F79EFBC}") = "AlgorytmGenetyczny", "AlgorytmGenetyczny\AlgorytmGenetyczny.csproj", "{9387080B-0EBA-4F8E-96A9-C6CDC9629577}"
EndProject
Global
	GlobalSection(SolutionConfigurationPlatforms) = preSolution
		Debug|Any CPU = Debug|Any CPU
		Release|Any CPU = Release|Any CPU
	EndGlobalSection
	GlobalSection(ProjectConfigurationPlatforms) = postSolution
		{9387080B-0EBA-4F8E-96A9-C6CDC9629577}.Debug|Any CPU.ActiveCfg = Debug|Any CPU
		{9387080B-0EBA-4F8E-96A9-C6CDC9629577}.Debug|Any CPU.Build.0 = Debug|Any CPU
		{9387080B-0EBA-4F8E-96A9-C6CDC9629577}.Release|Any CPU.ActiveCfg = Release|Any CPU
		{9387080B-0EBA-4F8E-96A9-C6CDC9629577}.Release|Any CPU.Build.0 = Release|Any CPU
	EndGlobalSection
	GlobalSection(SolutionProperties) = preSolution
		HideSolutionNode = FALSE
	EndGlobalSection
	GlobalSection(ExtensibilityGlobals) = postSolution
		SolutionGuid = {22705573-F1E7-4648-8EBD-681A62B209E1}
	EndGlobalSection
EndGlobal
